
Microsoft Visual Studio Solution File, Format Version 12.00
# Visual Studio Version 17
VisualStudioVersion = 17.8.34511.84
MinimumVisualStudioVersion = 10.0.40219.1
Project("{FAE04EC0-301F-11D3-BF4B-00C04F79EFBC}") = "Bloc de notas", "Bloc de notas\Bloc de notas.csproj", "{B9FEF7AC-EAD1-4ADB-B9A0-F4C41150D920}"
EndProject
Global
	GlobalSection(SolutionConfigurationPlatforms) = preSolution
		Debug|Any CPU = Debug|Any CPU
		Release|Any CPU = Release|Any CPU
	EndGlobalSection
	GlobalSection(ProjectConfigurationPlatforms) = postSolution
		{B9FEF7AC-EAD1-4ADB-B9A0-F4C41150D920}.Debug|Any CPU.ActiveCfg = Debug|Any CPU
		{B9FEF7AC-EAD1-4ADB-B9A0-F4C41150D920}.Debug|Any CPU.Build.0 = Debug|Any CPU
		{B9FEF7AC-EAD1-4ADB-B9A0-F4C41150D920}.Release|Any CPU.ActiveCfg = Release|Any CPU
		{B9FEF7AC-EAD1-4ADB-B9A0-F4C41150D920}.Release|Any CPU.Build.0 = Release|Any CPU
	EndGlobalSection
	GlobalSection(SolutionProperties) = preSolution
		HideSolutionNode = FALSE
	EndGlobalSection
	GlobalSection(ExtensibilityGlobals) = postSolution
		SolutionGuid = {CB79D3C6-40F4-460B-A186-D0C28F054114}
	EndGlobalSection
EndGlobal
